
Microsoft Visual Studio Solution File, Format Version 12.00
# Visual Studio Version 17
VisualStudioVersion = 17.7.34031.279
MinimumVisualStudioVersion = 10.0.40219.1
Project("{8BC9CEB8-8B4A-11D0-8D11-00A0C91BC942}") = "oop_1", "Project1\Project1.vcxproj", "{EFBB4473-162A-476E-B208-FD5F4D7BB85D}"
EndProject
Project("{8BC9CEB8-8B4A-11D0-8D11-00A0C91BC942}") = "友元", "友元\友元.vcxproj", "{B77B8AF8-3BB6-4FE1-8F9F-B362FD9EFB5C}"
EndProject
Project("{8BC9CEB8-8B4A-11D0-8D11-00A0C91BC942}") = "运算符重载", "运算符重载\运算符重载.vcxproj", "{9EAE0818-0CA7-4E4A-9A12-F9CD079EC992}"
EndProject
Project("{8BC9CEB8-8B4A-11D0-8D11-00A0C91BC942}") = "继承", "继承\继承.vcxproj", "{9D0A32BF-1A02-49AD-A11A-82F759457F61}"
EndProject
Project("{8BC9CEB8-8B4A-11D0-8D11-00A0C91BC942}") = "多态", "多态\多态.vcxproj", "{A5F39520-706A-4B93-BD8E-54786B954B45}"
EndProject
Project("{8BC9CEB8-8B4A-11D0-8D11-00A0C91BC942}") = "文件操作", "文件操作\文件操作.vcxproj", "{46C24B4A-2488-474D-859E-2DF808E6A743}"
EndProject
Project("{8BC9CEB8-8B4A-11D0-8D11-00A0C91BC942}") = "模板", "模板\模板.vcxproj", "{E854073B-3BB0-4058-851E-FD3023DB8E36}"
EndProject
Project("{8BC9CEB8-8B4A-11D0-8D11-00A0C91BC942}") = "ds_or_lgorithm", "ds_or_lgorithm\ds_or_lgorithm.vcxproj", "{78DE2874-135A-4496-87BB-781F169929E9}"
EndProject
Project("{8BC9CEB8-8B4A-11D0-8D11-00A0C91BC942}") = "STL", "STL\STL.vcxproj", "{A1A4285C-FE3A-4E52-B7C3-081033B4980F}"
EndProject
Project("{8BC9CEB8-8B4A-11D0-8D11-00A0C91BC942}") = "线程", "线程\线程.vcxproj", "{29D80436-3355-4AE3-B3F9-7641E7E6FBE1}"
EndProject
Global
	GlobalSection(SolutionConfigurationPlatforms) = preSolution
		Debug|x64 = Debug|x64
		Debug|x86 = Debug|x86
		Release|x64 = Release|x64
		Release|x86 = Release|x86
	EndGlobalSection
	GlobalSection(ProjectConfigurationPlatforms) = postSolution
		{EFBB4473-162A-476E-B208-FD5F4D7BB85D}.Debug|x64.ActiveCfg = Debug|x64
		{EFBB4473-162A-476E-B208-FD5F4D7BB85D}.Debug|x64.Build.0 = Debug|x64
		{EFBB4473-162A-476E-B208-FD5F4D7BB85D}.Debug|x86.ActiveCfg = Debug|Win32
		{EFBB4473-162A-476E-B208-FD5F4D7BB85D}.Debug|x86.Build.0 = Debug|Win32
		{EFBB4473-162A-476E-B208-FD5F4D7BB85D}.Release|x64.ActiveCfg = Release|x64
		{EFBB4473-162A-476E-B208-FD5F4D7BB85D}.Release|x64.Build.0 = Release|x64
		{EFBB4473-162A-476E-B208-FD5F4D7BB85D}.Release|x86.ActiveCfg = Release|Win32
		{EFBB4473-162A-476E-B208-FD5F4D7BB85D}.Release|x86.Build.0 = Release|Win32
		{B77B8AF8-3BB6-4FE1-8F9F-B362FD9EFB5C}.Debug|x64.ActiveCfg = Debug|x64
		{B77B8AF8-3BB6-4FE1-8F9F-B362FD9EFB5C}.Debug|x64.Build.0 = Debug|x64
		{B77B8AF8-3BB6-4FE1-8F9F-B362FD9EFB5C}.Debug|x86.ActiveCfg = Debug|Win32
		{B77B8AF8-3BB6-4FE1-8F9F-B362FD9EFB5C}.Debug|x86.Build.0 = Debug|Win32
		{B77B8AF8-3BB6-4FE1-8F9F-B362FD9EFB5C}.Release|x64.ActiveCfg = Release|x64
		{B77B8AF8-3BB6-4FE1-8F9F-B362FD9EFB5C}.Release|x64.Build.0 = Release|x64
		{B77B8AF8-3BB6-4FE1-8F9F-B362FD9EFB5C}.Release|x86.ActiveCfg = Release|Win32
		{B77B8AF8-3BB6-4FE1-8F9F-B362FD9EFB5C}.Release|x86.Build.0 = Release|Win32
		{9EAE0818-0CA7-4E4A-9A12-F9CD079EC992}.Debug|x64.ActiveCfg = Debug|x64
		{9EAE0818-0CA7-4E4A-9A12-F9CD079EC992}.Debug|x64.Build.0 = Debug|x64
		{9EAE0818-0CA7-4E4A-9A12-F9CD079EC992}.Debug|x86.ActiveCfg = Debug|Win32
		{9EAE0818-0CA7-4E4A-9A12-F9CD079EC992}.Debug|x86.Build.0 = Debug|Win32
		{9EAE0818-0CA7-4E4A-9A12-F9CD079EC992}.Release|x64.ActiveCfg = Release|x64
		{9EAE0818-0CA7-4E4A-9A12-F9CD079EC992}.Release|x64.Build.0 = Release|x64
		{9EAE0818-0CA7-4E4A-9A12-F9CD079EC992}.Release|x86.ActiveCfg = Release|Win32
		{9EAE0818-0CA7-4E4A-9A12-F9CD079EC992}.Release|x86.Build.0 = Release|Win32
		{9D0A32BF-1A02-49AD-A11A-82F759457F61}.Debug|x64.ActiveCfg = Debug|x64
		{9D0A32BF-1A02-49AD-A11A-82F759457F61}.Debug|x64.Build.0 = Debug|x64
		{9D0A32BF-1A02-49AD-A11A-82F759457F61}.Debug|x86.ActiveCfg = Debug|Win32
		{9D0A32BF-1A02-49AD-A11A-82F759457F61}.Debug|x86.Build.0 = Debug|Win32
		{9D0A32BF-1A02-49AD-A11A-82F759457F61}.Release|x64.ActiveCfg = Release|x64
		{9D0A32BF-1A02-49AD-A11A-82F759457F61}.Release|x64.Build.0 = Release|x64
		{9D0A32BF-1A02-49AD-A11A-82F759457F61}.Release|x86.ActiveCfg = Release|Win32
		{9D0A32BF-1A02-49AD-A11A-82F759457F61}.Release|x86.Build.0 = Release|Win32
		{A5F39520-706A-4B93-BD8E-54786B954B45}.Debug|x64.ActiveCfg = Debug|x64
		{A5F39520-706A-4B93-BD8E-54786B954B45}.Debug|x64.Build.0 = Debug|x64
		{A5F39520-706A-4B93-BD8E-54786B954B45}.Debug|x86.ActiveCfg = Debug|Win32
		{A5F39520-706A-4B93-BD8E-54786B954B45}.Debug|x86.Build.0 = Debug|Win32
		{A5F39520-706A-4B93-BD8E-54786B954B45}.Release|x64.ActiveCfg = Release|x64
		{A5F39520-706A-4B93-BD8E-54786B954B45}.Release|x64.Build.0 = Release|x64
		{A5F39520-706A-4B93-BD8E-54786B954B45}.Release|x86.ActiveCfg = Release|Win32
		{A5F39520-706A-4B93-BD8E-54786B954B45}.Release|x86.Build.0 = Release|Win32
		{46C24B4A-2488-474D-859E-2DF808E6A743}.Debug|x64.ActiveCfg = Debug|x64
		{46C24B4A-2488-474D-859E-2DF808E6A743}.Debug|x64.Build.0 = Debug|x64
		{46C24B4A-2488-474D-859E-2DF808E6A743}.Debug|x86.ActiveCfg = Debug|Win32
		{46C24B4A-2488-474D-859E-2DF808E6A743}.Debug|x86.Build.0 = Debug|Win32
		{46C24B4A-2488-474D-859E-2DF808E6A743}.Release|x64.ActiveCfg = Release|x64
		{46C24B4A-2488-474D-859E-2DF808E6A743}.Release|x64.Build.0 = Release|x64
		{46C24B4A-2488-474D-859E-2DF808E6A743}.Release|x86.ActiveCfg = Release|Win32
		{46C24B4A-2488-474D-859E-2DF808E6A743}.Release|x86.Build.0 = Release|Win32
		{E854073B-3BB0-4058-851E-FD3023DB8E36}.Debug|x64.ActiveCfg = Debug|x64
		{E854073B-3BB0-4058-851E-FD3023DB8E36}.Debug|x64.Build.0 = Debug|x64
		{E854073B-3BB0-4058-851E-FD3023DB8E36}.Debug|x86.ActiveCfg = Debug|Win32
		{E854073B-3BB0-4058-851E-FD3023DB8E36}.Debug|x86.Build.0 = Debug|Win32
		{E854073B-3BB0-4058-851E-FD3023DB8E36}.Release|x64.ActiveCfg = Release|x64
		{E854073B-3BB0-4058-851E-FD3023DB8E36}.Release|x64.Build.0 = Release|x64
		{E854073B-3BB0-4058-851E-FD3023DB8E36}.Release|x86.ActiveCfg = Release|Win32
		{E854073B-3BB0-4058-851E-FD3023DB8E36}.Release|x86.Build.0 = Release|Win32
		{78DE2874-135A-4496-87BB-781F169929E9}.Debug|x64.ActiveCfg = Debug|x64
		{78DE2874-135A-4496-87BB-781F169929E9}.Debug|x64.Build.0 = Debug|x64
		{78DE2874-135A-4496-87BB-781F169929E9}.Debug|x86.ActiveCfg = Debug|Win32
		{78DE2874-135A-4496-87BB-781F169929E9}.Debug|x86.Build.0 = Debug|Win32
		{78DE2874-135A-4496-87BB-781F169929E9}.Release|x64.ActiveCfg = Release|x64
		{78DE2874-135A-4496-87BB-781F169929E9}.Release|x64.Build.0 = Release|x64
		{78DE2874-135A-4496-87BB-781F169929E9}.Release|x86.ActiveCfg = Release|Win32
		{78DE2874-135A-4496-87BB-781F169929E9}.Release|x86.Build.0 = Release|Win32
		{A1A4285C-FE3A-4E52-B7C3-081033B4980F}.Debug|x64.ActiveCfg = Debug|x64
		{A1A4285C-FE3A-4E52-B7C3-081033B4980F}.Debug|x64.Build.0 = Debug|x64
		{A1A4285C-FE3A-4E52-B7C3-081033B4980F}.Debug|x86.ActiveCfg = Debug|Win32
		{A1A4285C-FE3A-4E52-B7C3-081033B4980F}.Debug|x86.Build.0 = Debug|Win32
		{A1A4285C-FE3A-4E52-B7C3-081033B4980F}.Release|x64.ActiveCfg = Release|x64
		{A1A4285C-FE3A-4E52-B7C3-081033B4980F}.Release|x64.Build.0 = Release|x64
		{A1A4285C-FE3A-4E52-B7C3-081033B4980F}.Release|x86.ActiveCfg = Release|Win32
		{A1A4285C-FE3A-4E52-B7C3-081033B4980F}.Release|x86.Build.0 = Release|Win32
		{29D80436-3355-4AE3-B3F9-7641E7E6FBE1}.Debug|x64.ActiveCfg = Debug|x64
		{29D80436-3355-4AE3-B3F9-7641E7E6FBE1}.Debug|x64.Build.0 = Debug|x64
		{29D80436-3355-4AE3-B3F9-7641E7E6FBE1}.Debug|x86.ActiveCfg = Debug|Win32
		{29D80436-3355-4AE3-B3F9-7641E7E6FBE1}.Debug|x86.Build.0 = Debug|Win32
		{29D80436-3355-4AE3-B3F9-7641E7E6FBE1}.Release|x64.ActiveCfg = Release|x64
		{29D80436-3355-4AE3-B3F9-7641E7E6FBE1}.Release|x64.Build.0 = Release|x64
		{29D80436-3355-4AE3-B3F9-7641E7E6FBE1}.Release|x86.ActiveCfg = Release|Win32
		{29D80436-3355-4AE3-B3F9-7641E7E6FBE1}.Release|x86.Build.0 = Release|Win32
	EndGlobalSection
	GlobalSection(SolutionProperties) = preSolution
		HideSolutionNode = FALSE
	EndGlobalSection
	GlobalSection(ExtensibilityGlobals) = postSolution
		SolutionGuid = {885F45E5-E113-4B32-AFFA-4226B72A103E}
	EndGlobalSection
EndGlobal
